// !$*UTF8*$!
{
	archiveVersion = 1;
	classes = {
	};
	objectVersion = 55;
	objects = {

/* Begin PBXBuildFile section */
		04171319281ADFB4009C5B03 /* ReportIssueViewController.swift in Sources */ = {isa = PBXBuildFile; fileRef = 04171318281ADFB4009C5B03 /* ReportIssueViewController.swift */; };
		0442214127F49309001EE519 /* ErrorResponse.swift in Sources */ = {isa = PBXBuildFile; fileRef = 0442214027F49309001EE519 /* ErrorResponse.swift */; };
		0453E5A627E9612F00361B18 /* AppDelegate.swift in Sources */ = {isa = PBXBuildFile; fileRef = 0453E5A527E9612F00361B18 /* AppDelegate.swift */; };
		0453E5A827E9612F00361B18 /* SceneDelegate.swift in Sources */ = {isa = PBXBuildFile; fileRef = 0453E5A727E9612F00361B18 /* SceneDelegate.swift */; };
		0453E5AD27E9612F00361B18 /* Main.storyboard in Resources */ = {isa = PBXBuildFile; fileRef = 0453E5AB27E9612F00361B18 /* Main.storyboard */; };
		0453E5AF27E9613200361B18 /* Assets.xcassets in Resources */ = {isa = PBXBuildFile; fileRef = 0453E5AE27E9613200361B18 /* Assets.xcassets */; };
		0453E5B227E9613200361B18 /* LaunchScreen.storyboard in Resources */ = {isa = PBXBuildFile; fileRef = 0453E5B027E9613200361B18 /* LaunchScreen.storyboard */; };
		0453E5BE27E9651300361B18 /* APIError.swift in Sources */ = {isa = PBXBuildFile; fileRef = 0453E5BA27E9651300361B18 /* APIError.swift */; };
		0453E5BF27E9651300361B18 /* APIService.swift in Sources */ = {isa = PBXBuildFile; fileRef = 0453E5BB27E9651300361B18 /* APIService.swift */; };
		0453E5C027E9651300361B18 /* RoomsAPIService.swift in Sources */ = {isa = PBXBuildFile; fileRef = 0453E5BC27E9651300361B18 /* RoomsAPIService.swift */; };
		0453E5C127E9651300361B18 /* APIRequest.swift in Sources */ = {isa = PBXBuildFile; fileRef = 0453E5BD27E9651300361B18 /* APIRequest.swift */; };
		0453E5C827E9656700361B18 /* GetAllRoomsResponse.swift in Sources */ = {isa = PBXBuildFile; fileRef = 0453E5C327E9656700361B18 /* GetAllRoomsResponse.swift */; };
		0453E5C927E9656700361B18 /* RoomInfo.swift in Sources */ = {isa = PBXBuildFile; fileRef = 0453E5C427E9656700361B18 /* RoomInfo.swift */; };
		0453E5CA27E9656700361B18 /* UserTokens.swift in Sources */ = {isa = PBXBuildFile; fileRef = 0453E5C527E9656700361B18 /* UserTokens.swift */; };
		0453E5CC27E9656700361B18 /* Pagination.swift in Sources */ = {isa = PBXBuildFile; fileRef = 0453E5C727E9656700361B18 /* Pagination.swift */; };
		0453E5D627EA6DEB00361B18 /* NavigationBarStyle.swift in Sources */ = {isa = PBXBuildFile; fileRef = 0453E5CE27EA6DEB00361B18 /* NavigationBarStyle.swift */; };
		0453E5D727EA6DEB00361B18 /* RoomExtension.swift in Sources */ = {isa = PBXBuildFile; fileRef = 0453E5CF27EA6DEB00361B18 /* RoomExtension.swift */; };
		0453E5DA27EA6DEB00361B18 /* DateUtils.swift in Sources */ = {isa = PBXBuildFile; fileRef = 0453E5D227EA6DEB00361B18 /* DateUtils.swift */; };
		0453E5DB27EA6DEB00361B18 /* ColorExtension.swift in Sources */ = {isa = PBXBuildFile; fileRef = 0453E5D327EA6DEB00361B18 /* ColorExtension.swift */; };
		0453E5DC27EA6DEB00361B18 /* ParticipantExtension.swift in Sources */ = {isa = PBXBuildFile; fileRef = 0453E5D427EA6DEB00361B18 /* ParticipantExtension.swift */; };
		0453E5DD27EA6DEB00361B18 /* StoryboardExtension.swift in Sources */ = {isa = PBXBuildFile; fileRef = 0453E5D527EA6DEB00361B18 /* StoryboardExtension.swift */; };
		0453E5E027EA6E0500361B18 /* telnyx.mp4 in Resources */ = {isa = PBXBuildFile; fileRef = 0453E5DF27EA6E0500361B18 /* telnyx.mp4 */; };
		0453E5EE27EA6E6E00361B18 /* VideoMeetRoomCell.xib in Resources */ = {isa = PBXBuildFile; fileRef = 0453E5E427EA6E6E00361B18 /* VideoMeetRoomCell.xib */; };
		0453E5F027EA6E6E00361B18 /* CopyableUILabel.swift in Sources */ = {isa = PBXBuildFile; fileRef = 0453E5E627EA6E6E00361B18 /* CopyableUILabel.swift */; };
		0453E5F227EA6E6E00361B18 /* ParticipantListCell.swift in Sources */ = {isa = PBXBuildFile; fileRef = 0453E5E827EA6E6E00361B18 /* ParticipantListCell.swift */; };
		0453E5F327EA6E6E00361B18 /* VideoMeetParticipantCell.swift in Sources */ = {isa = PBXBuildFile; fileRef = 0453E5E927EA6E6E00361B18 /* VideoMeetParticipantCell.swift */; };
		0453E5F427EA6E6E00361B18 /* VideoMeetParticipantCell.xib in Resources */ = {isa = PBXBuildFile; fileRef = 0453E5EA27EA6E6E00361B18 /* VideoMeetParticipantCell.xib */; };
		0453E5F627EA6E6E00361B18 /* VideoMeetRoomCell.swift in Sources */ = {isa = PBXBuildFile; fileRef = 0453E5EC27EA6E6E00361B18 /* VideoMeetRoomCell.swift */; };
		0453E60227EA6E7500361B18 /* ParticipantsViewController.swift in Sources */ = {isa = PBXBuildFile; fileRef = 0453E5FA27EA6E7500361B18 /* ParticipantsViewController.swift */; };
		0453E60327EA6E7500361B18 /* StatsViewController.swift in Sources */ = {isa = PBXBuildFile; fileRef = 0453E5FB27EA6E7500361B18 /* StatsViewController.swift */; };
		0453E60427EA6E7500361B18 /* VideoMeetRoomsListViewController.swift in Sources */ = {isa = PBXBuildFile; fileRef = 0453E5FC27EA6E7500361B18 /* VideoMeetRoomsListViewController.swift */; };
		0453E60527EA6E7500361B18 /* JoinRoomViewController.swift in Sources */ = {isa = PBXBuildFile; fileRef = 0453E5FD27EA6E7500361B18 /* JoinRoomViewController.swift */; };
		0453E60627EA6E7500361B18 /* ScreenShareViewController.swift in Sources */ = {isa = PBXBuildFile; fileRef = 0453E5FE27EA6E7500361B18 /* ScreenShareViewController.swift */; };
		0453E60727EA6E7500361B18 /* VideoMeetRoomViewController.swift in Sources */ = {isa = PBXBuildFile; fileRef = 0453E5FF27EA6E7500361B18 /* VideoMeetRoomViewController.swift */; };
		0458569D2825473700CC44A5 /* ChatViewController.swift in Sources */ = {isa = PBXBuildFile; fileRef = 0458569C2825473600CC44A5 /* ChatViewController.swift */; };
		045856A0282547D500CC44A5 /* ChatMessageCell.swift in Sources */ = {isa = PBXBuildFile; fileRef = 0458569E282547D500CC44A5 /* ChatMessageCell.swift */; };
		045856A1282547D500CC44A5 /* ChatMessageCell.xib in Resources */ = {isa = PBXBuildFile; fileRef = 0458569F282547D500CC44A5 /* ChatMessageCell.xib */; };
		045856A32825541900CC44A5 /* MessageItem.swift in Sources */ = {isa = PBXBuildFile; fileRef = 045856A22825541900CC44A5 /* MessageItem.swift */; };
		048B2F56282C0ABA00D75EDC /* UIViewControllerExtension.swift in Sources */ = {isa = PBXBuildFile; fileRef = 048B2F55282C0ABA00D75EDC /* UIViewControllerExtension.swift */; };
		72EC1D67D7596D58D2EB7605 /* Pods_Telnyx_Meet.framework in Frameworks */ = {isa = PBXBuildFile; fileRef = 322F7885210F607C72CB059C /* Pods_Telnyx_Meet.framework */; };
/* End PBXBuildFile section */

/* Begin PBXFileReference section */
		04171318281ADFB4009C5B03 /* ReportIssueViewController.swift */ = {isa = PBXFileReference; fileEncoding = 4; lastKnownFileType = sourcecode.swift; path = ReportIssueViewController.swift; sourceTree = "<group>"; };
		0442214027F49309001EE519 /* ErrorResponse.swift */ = {isa = PBXFileReference; fileEncoding = 4; lastKnownFileType = sourcecode.swift; path = ErrorResponse.swift; sourceTree = "<group>"; };
		0453E5A227E9612F00361B18 /* Telnyx Meet.app */ = {isa = PBXFileReference; explicitFileType = wrapper.application; includeInIndex = 0; path = "Telnyx Meet.app"; sourceTree = BUILT_PRODUCTS_DIR; };
		0453E5A527E9612F00361B18 /* AppDelegate.swift */ = {isa = PBXFileReference; lastKnownFileType = sourcecode.swift; path = AppDelegate.swift; sourceTree = "<group>"; };
		0453E5A727E9612F00361B18 /* SceneDelegate.swift */ = {isa = PBXFileReference; lastKnownFileType = sourcecode.swift; path = SceneDelegate.swift; sourceTree = "<group>"; };
		0453E5AC27E9612F00361B18 /* Base */ = {isa = PBXFileReference; lastKnownFileType = file.storyboard; name = Base; path = Base.lproj/Main.storyboard; sourceTree = "<group>"; };
		0453E5AE27E9613200361B18 /* Assets.xcassets */ = {isa = PBXFileReference; lastKnownFileType = folder.assetcatalog; path = Assets.xcassets; sourceTree = "<group>"; };
		0453E5B127E9613200361B18 /* Base */ = {isa = PBXFileReference; lastKnownFileType = file.storyboard; name = Base; path = Base.lproj/LaunchScreen.storyboard; sourceTree = "<group>"; };
		0453E5B327E9613200361B18 /* Info.plist */ = {isa = PBXFileReference; lastKnownFileType = text.plist.xml; path = Info.plist; sourceTree = "<group>"; };
		0453E5BA27E9651300361B18 /* APIError.swift */ = {isa = PBXFileReference; fileEncoding = 4; lastKnownFileType = sourcecode.swift; path = APIError.swift; sourceTree = "<group>"; };
		0453E5BB27E9651300361B18 /* APIService.swift */ = {isa = PBXFileReference; fileEncoding = 4; lastKnownFileType = sourcecode.swift; path = APIService.swift; sourceTree = "<group>"; };
		0453E5BC27E9651300361B18 /* RoomsAPIService.swift */ = {isa = PBXFileReference; fileEncoding = 4; lastKnownFileType = sourcecode.swift; path = RoomsAPIService.swift; sourceTree = "<group>"; };
		0453E5BD27E9651300361B18 /* APIRequest.swift */ = {isa = PBXFileReference; fileEncoding = 4; lastKnownFileType = sourcecode.swift; path = APIRequest.swift; sourceTree = "<group>"; };
		0453E5C327E9656700361B18 /* GetAllRoomsResponse.swift */ = {isa = PBXFileReference; fileEncoding = 4; lastKnownFileType = sourcecode.swift; path = GetAllRoomsResponse.swift; sourceTree = "<group>"; };
		0453E5C427E9656700361B18 /* RoomInfo.swift */ = {isa = PBXFileReference; fileEncoding = 4; lastKnownFileType = sourcecode.swift; path = RoomInfo.swift; sourceTree = "<group>"; };
		0453E5C527E9656700361B18 /* UserTokens.swift */ = {isa = PBXFileReference; fileEncoding = 4; lastKnownFileType = sourcecode.swift; path = UserTokens.swift; sourceTree = "<group>"; };
		0453E5C727E9656700361B18 /* Pagination.swift */ = {isa = PBXFileReference; fileEncoding = 4; lastKnownFileType = sourcecode.swift; path = Pagination.swift; sourceTree = "<group>"; };
		0453E5CE27EA6DEB00361B18 /* NavigationBarStyle.swift */ = {isa = PBXFileReference; fileEncoding = 4; lastKnownFileType = sourcecode.swift; path = NavigationBarStyle.swift; sourceTree = "<group>"; };
		0453E5CF27EA6DEB00361B18 /* RoomExtension.swift */ = {isa = PBXFileReference; fileEncoding = 4; lastKnownFileType = sourcecode.swift; path = RoomExtension.swift; sourceTree = "<group>"; };
		0453E5D227EA6DEB00361B18 /* DateUtils.swift */ = {isa = PBXFileReference; fileEncoding = 4; lastKnownFileType = sourcecode.swift; path = DateUtils.swift; sourceTree = "<group>"; };
		0453E5D327EA6DEB00361B18 /* ColorExtension.swift */ = {isa = PBXFileReference; fileEncoding = 4; lastKnownFileType = sourcecode.swift; path = ColorExtension.swift; sourceTree = "<group>"; };
		0453E5D427EA6DEB00361B18 /* ParticipantExtension.swift */ = {isa = PBXFileReference; fileEncoding = 4; lastKnownFileType = sourcecode.swift; path = ParticipantExtension.swift; sourceTree = "<group>"; };
		0453E5D527EA6DEB00361B18 /* StoryboardExtension.swift */ = {isa = PBXFileReference; fileEncoding = 4; lastKnownFileType = sourcecode.swift; path = StoryboardExtension.swift; sourceTree = "<group>"; };
		0453E5DF27EA6E0500361B18 /* telnyx.mp4 */ = {isa = PBXFileReference; lastKnownFileType = file; path = telnyx.mp4; sourceTree = "<group>"; };
		0453E5E427EA6E6E00361B18 /* VideoMeetRoomCell.xib */ = {isa = PBXFileReference; fileEncoding = 4; lastKnownFileType = file.xib; path = VideoMeetRoomCell.xib; sourceTree = "<group>"; };
		0453E5E627EA6E6E00361B18 /* CopyableUILabel.swift */ = {isa = PBXFileReference; fileEncoding = 4; lastKnownFileType = sourcecode.swift; path = CopyableUILabel.swift; sourceTree = "<group>"; };
		0453E5E827EA6E6E00361B18 /* ParticipantListCell.swift */ = {isa = PBXFileReference; fileEncoding = 4; lastKnownFileType = sourcecode.swift; path = ParticipantListCell.swift; sourceTree = "<group>"; };
		0453E5E927EA6E6E00361B18 /* VideoMeetParticipantCell.swift */ = {isa = PBXFileReference; fileEncoding = 4; lastKnownFileType = sourcecode.swift; path = VideoMeetParticipantCell.swift; sourceTree = "<group>"; };
		0453E5EA27EA6E6E00361B18 /* VideoMeetParticipantCell.xib */ = {isa = PBXFileReference; fileEncoding = 4; lastKnownFileType = file.xib; path = VideoMeetParticipantCell.xib; sourceTree = "<group>"; };
		0453E5EC27EA6E6E00361B18 /* VideoMeetRoomCell.swift */ = {isa = PBXFileReference; fileEncoding = 4; lastKnownFileType = sourcecode.swift; path = VideoMeetRoomCell.swift; sourceTree = "<group>"; };
		0453E5FA27EA6E7500361B18 /* ParticipantsViewController.swift */ = {isa = PBXFileReference; fileEncoding = 4; lastKnownFileType = sourcecode.swift; path = ParticipantsViewController.swift; sourceTree = "<group>"; };
		0453E5FB27EA6E7500361B18 /* StatsViewController.swift */ = {isa = PBXFileReference; fileEncoding = 4; lastKnownFileType = sourcecode.swift; path = StatsViewController.swift; sourceTree = "<group>"; };
		0453E5FC27EA6E7500361B18 /* VideoMeetRoomsListViewController.swift */ = {isa = PBXFileReference; fileEncoding = 4; lastKnownFileType = sourcecode.swift; path = VideoMeetRoomsListViewController.swift; sourceTree = "<group>"; };
		0453E5FD27EA6E7500361B18 /* JoinRoomViewController.swift */ = {isa = PBXFileReference; fileEncoding = 4; lastKnownFileType = sourcecode.swift; path = JoinRoomViewController.swift; sourceTree = "<group>"; };
		0453E5FE27EA6E7500361B18 /* ScreenShareViewController.swift */ = {isa = PBXFileReference; fileEncoding = 4; lastKnownFileType = sourcecode.swift; path = ScreenShareViewController.swift; sourceTree = "<group>"; };
		0453E5FF27EA6E7500361B18 /* VideoMeetRoomViewController.swift */ = {isa = PBXFileReference; fileEncoding = 4; lastKnownFileType = sourcecode.swift; path = VideoMeetRoomViewController.swift; sourceTree = "<group>"; };
		0458569C2825473600CC44A5 /* ChatViewController.swift */ = {isa = PBXFileReference; fileEncoding = 4; lastKnownFileType = sourcecode.swift; path = ChatViewController.swift; sourceTree = "<group>"; };
		0458569E282547D500CC44A5 /* ChatMessageCell.swift */ = {isa = PBXFileReference; fileEncoding = 4; lastKnownFileType = sourcecode.swift; path = ChatMessageCell.swift; sourceTree = "<group>"; };
		0458569F282547D500CC44A5 /* ChatMessageCell.xib */ = {isa = PBXFileReference; fileEncoding = 4; lastKnownFileType = file.xib; path = ChatMessageCell.xib; sourceTree = "<group>"; };
		045856A22825541900CC44A5 /* MessageItem.swift */ = {isa = PBXFileReference; lastKnownFileType = sourcecode.swift; path = MessageItem.swift; sourceTree = "<group>"; };
		048B2F55282C0ABA00D75EDC /* UIViewControllerExtension.swift */ = {isa = PBXFileReference; fileEncoding = 4; lastKnownFileType = sourcecode.swift; path = UIViewControllerExtension.swift; sourceTree = "<group>"; };
		322F7885210F607C72CB059C /* Pods_Telnyx_Meet.framework */ = {isa = PBXFileReference; explicitFileType = wrapper.framework; includeInIndex = 0; path = Pods_Telnyx_Meet.framework; sourceTree = BUILT_PRODUCTS_DIR; };
		3BE351B22CB7C9F2006A9DC7 /* TelnyxVideoSdk.xcframework */ = {isa = PBXFileReference; lastKnownFileType = wrapper.xcframework; name = TelnyxVideoSdk.xcframework; path = Pods/TelnyxVideoSdk/build/releases/TelnyxVideoSdk.xcframework; sourceTree = "<group>"; };
		8CF24062848CF3E6056B6361 /* Pods-Telnyx Meet.debug.xcconfig */ = {isa = PBXFileReference; includeInIndex = 1; lastKnownFileType = text.xcconfig; name = "Pods-Telnyx Meet.debug.xcconfig"; path = "Target Support Files/Pods-Telnyx Meet/Pods-Telnyx Meet.debug.xcconfig"; sourceTree = "<group>"; };
		C64FE0CE9C8AF23F15E28544 /* Pods-Telnyx Meet.release.xcconfig */ = {isa = PBXFileReference; includeInIndex = 1; lastKnownFileType = text.xcconfig; name = "Pods-Telnyx Meet.release.xcconfig"; path = "Target Support Files/Pods-Telnyx Meet/Pods-Telnyx Meet.release.xcconfig"; sourceTree = "<group>"; };
/* End PBXFileReference section */

/* Begin PBXFrameworksBuildPhase section */
		0453E59F27E9612F00361B18 /* Frameworks */ = {
			isa = PBXFrameworksBuildPhase;
			buildActionMask = 2147483647;
			files = (
				72EC1D67D7596D58D2EB7605 /* Pods_Telnyx_Meet.framework in Frameworks */,
			);
			runOnlyForDeploymentPostprocessing = 0;
		};
/* End PBXFrameworksBuildPhase section */

/* Begin PBXGroup section */
		0453E59927E9612F00361B18 = {
			isa = PBXGroup;
			children = (
				0453E5A427E9612F00361B18 /* Telnyx Meet */,
				0453E5A327E9612F00361B18 /* Products */,
				E2FBB6CB710EEC778DC23D63 /* Pods */,
				36C91810A6BECFCC768F8C9D /* Frameworks */,
			);
			sourceTree = "<group>";
		};
		0453E5A327E9612F00361B18 /* Products */ = {
			isa = PBXGroup;
			children = (
				0453E5A227E9612F00361B18 /* Telnyx Meet.app */,
			);
			name = Products;
			sourceTree = "<group>";
		};
		0453E5A427E9612F00361B18 /* Telnyx Meet */ = {
			isa = PBXGroup;
			children = (
				0453E5B927E9650300361B18 /* Services */,
				0453E5C227E9656700361B18 /* Models */,
				0453E5F727EA6E7500361B18 /* Controllers */,
				0453E5E227EA6E6E00361B18 /* Views */,
				0453E5E127EA6E2500361B18 /* Storyboards */,
				0453E5CD27EA6DEB00361B18 /* Extensions */,
				0453E5DE27EA6E0500361B18 /* Resources */,
				0453E5A527E9612F00361B18 /* AppDelegate.swift */,
				0453E5A727E9612F00361B18 /* SceneDelegate.swift */,
				0453E5AE27E9613200361B18 /* Assets.xcassets */,
				0453E5B327E9613200361B18 /* Info.plist */,
			);
			path = "Telnyx Meet";
			sourceTree = "<group>";
		};
		0453E5B927E9650300361B18 /* Services */ = {
			isa = PBXGroup;
			children = (
				0453E5BA27E9651300361B18 /* APIError.swift */,
				0453E5BD27E9651300361B18 /* APIRequest.swift */,
				0453E5BB27E9651300361B18 /* APIService.swift */,
				0453E5BC27E9651300361B18 /* RoomsAPIService.swift */,
			);
			path = Services;
			sourceTree = "<group>";
		};
		0453E5C227E9656700361B18 /* Models */ = {
			isa = PBXGroup;
			children = (
				0453E5C327E9656700361B18 /* GetAllRoomsResponse.swift */,
				0442214027F49309001EE519 /* ErrorResponse.swift */,
				0453E5C427E9656700361B18 /* RoomInfo.swift */,
				0453E5C527E9656700361B18 /* UserTokens.swift */,
				0453E5C727E9656700361B18 /* Pagination.swift */,
				045856A22825541900CC44A5 /* MessageItem.swift */,
			);
			path = Models;
			sourceTree = "<group>";
		};
		0453E5CD27EA6DEB00361B18 /* Extensions */ = {
			isa = PBXGroup;
			children = (
				0453E5CE27EA6DEB00361B18 /* NavigationBarStyle.swift */,
				0453E5CF27EA6DEB00361B18 /* RoomExtension.swift */,
				0453E5D227EA6DEB00361B18 /* DateUtils.swift */,
				0453E5D327EA6DEB00361B18 /* ColorExtension.swift */,
				0453E5D427EA6DEB00361B18 /* ParticipantExtension.swift */,
				0453E5D527EA6DEB00361B18 /* StoryboardExtension.swift */,
				048B2F55282C0ABA00D75EDC /* UIViewControllerExtension.swift */,
			);
			path = Extensions;
			sourceTree = "<group>";
		};
		0453E5DE27EA6E0500361B18 /* Resources */ = {
			isa = PBXGroup;
			children = (
				0453E5DF27EA6E0500361B18 /* telnyx.mp4 */,
			);
			path = Resources;
			sourceTree = "<group>";
		};
		0453E5E127EA6E2500361B18 /* Storyboards */ = {
			isa = PBXGroup;
			children = (
				0453E5AB27E9612F00361B18 /* Main.storyboard */,
				0453E5B027E9613200361B18 /* LaunchScreen.storyboard */,
			);
			path = Storyboards;
			sourceTree = "<group>";
		};
		0453E5E227EA6E6E00361B18 /* Views */ = {
			isa = PBXGroup;
			children = (
				0453E5E627EA6E6E00361B18 /* CopyableUILabel.swift */,
				0453E5E827EA6E6E00361B18 /* ParticipantListCell.swift */,
				0453E5E927EA6E6E00361B18 /* VideoMeetParticipantCell.swift */,
				0453E5EA27EA6E6E00361B18 /* VideoMeetParticipantCell.xib */,
				0453E5EC27EA6E6E00361B18 /* VideoMeetRoomCell.swift */,
				0453E5E427EA6E6E00361B18 /* VideoMeetRoomCell.xib */,
				0458569E282547D500CC44A5 /* ChatMessageCell.swift */,
				0458569F282547D500CC44A5 /* ChatMessageCell.xib */,
			);
			path = Views;
			sourceTree = "<group>";
		};
		0453E5F727EA6E7500361B18 /* Controllers */ = {
			isa = PBXGroup;
			children = (
				0453E5FD27EA6E7500361B18 /* JoinRoomViewController.swift */,
				0453E5FC27EA6E7500361B18 /* VideoMeetRoomsListViewController.swift */,
				0453E5FF27EA6E7500361B18 /* VideoMeetRoomViewController.swift */,
				0453E5FA27EA6E7500361B18 /* ParticipantsViewController.swift */,
				0453E5FE27EA6E7500361B18 /* ScreenShareViewController.swift */,
				0453E5FB27EA6E7500361B18 /* StatsViewController.swift */,
				04171318281ADFB4009C5B03 /* ReportIssueViewController.swift */,
				0458569C2825473600CC44A5 /* ChatViewController.swift */,
			);
			path = Controllers;
			sourceTree = "<group>";
		};
		36C91810A6BECFCC768F8C9D /* Frameworks */ = {
			isa = PBXGroup;
			children = (
				3BE351B22CB7C9F2006A9DC7 /* TelnyxVideoSdk.xcframework */,
				322F7885210F607C72CB059C /* Pods_Telnyx_Meet.framework */,
			);
			name = Frameworks;
			sourceTree = "<group>";
		};
		E2FBB6CB710EEC778DC23D63 /* Pods */ = {
			isa = PBXGroup;
			children = (
				8CF24062848CF3E6056B6361 /* Pods-Telnyx Meet.debug.xcconfig */,
				C64FE0CE9C8AF23F15E28544 /* Pods-Telnyx Meet.release.xcconfig */,
			);
			path = Pods;
			sourceTree = "<group>";
		};
/* End PBXGroup section */

/* Begin PBXNativeTarget section */
		0453E5A127E9612F00361B18 /* Telnyx Meet */ = {
			isa = PBXNativeTarget;
			buildConfigurationList = 0453E5B627E9613200361B18 /* Build configuration list for PBXNativeTarget "Telnyx Meet" */;
			buildPhases = (
				8A3E26ADAD7272FE5A6BD4C3 /* [CP] Check Pods Manifest.lock */,
				0453E59E27E9612F00361B18 /* Sources */,
				0453E59F27E9612F00361B18 /* Frameworks */,
				0453E5A027E9612F00361B18 /* Resources */,
				05A53F77BD9C521EE8BADF51 /* [CP] Embed Pods Frameworks */,
				B0DD91AB1E4677A752E4A9DC /* [CP] Copy Pods Resources */,
			);
			buildRules = (
			);
			dependencies = (
			);
			name = "Telnyx Meet";
			productName = "Telnyx Video Meet App";
			productReference = 0453E5A227E9612F00361B18 /* Telnyx Meet.app */;
			productType = "com.apple.product-type.application";
		};
/* End PBXNativeTarget section */

/* Begin PBXProject section */
		0453E59A27E9612F00361B18 /* Project object */ = {
			isa = PBXProject;
			attributes = {
				BuildIndependentTargetsInParallel = 1;
				LastSwiftUpdateCheck = 1320;
				LastUpgradeCheck = 1320;
				TargetAttributes = {
					0453E5A127E9612F00361B18 = {
						CreatedOnToolsVersion = 13.2.1;
					};
				};
			};
			buildConfigurationList = 0453E59D27E9612F00361B18 /* Build configuration list for PBXProject "Telnyx Meet" */;
			compatibilityVersion = "Xcode 13.0";
			developmentRegion = en;
			hasScannedForEncodings = 0;
			knownRegions = (
				en,
				Base,
			);
			mainGroup = 0453E59927E9612F00361B18;
			productRefGroup = 0453E5A327E9612F00361B18 /* Products */;
			projectDirPath = "";
			projectRoot = "";
			targets = (
				0453E5A127E9612F00361B18 /* Telnyx Meet */,
			);
		};
/* End PBXProject section */

/* Begin PBXResourcesBuildPhase section */
		0453E5A027E9612F00361B18 /* Resources */ = {
			isa = PBXResourcesBuildPhase;
			buildActionMask = 2147483647;
			files = (
				0453E5B227E9613200361B18 /* LaunchScreen.storyboard in Resources */,
				0453E5E027EA6E0500361B18 /* telnyx.mp4 in Resources */,
				0453E5AF27E9613200361B18 /* Assets.xcassets in Resources */,
				045856A1282547D500CC44A5 /* ChatMessageCell.xib in Resources */,
				0453E5AD27E9612F00361B18 /* Main.storyboard in Resources */,
				0453E5F427EA6E6E00361B18 /* VideoMeetParticipantCell.xib in Resources */,
				0453E5EE27EA6E6E00361B18 /* VideoMeetRoomCell.xib in Resources */,
			);
			runOnlyForDeploymentPostprocessing = 0;
		};
/* End PBXResourcesBuildPhase section */

/* Begin PBXShellScriptBuildPhase section */
		05A53F77BD9C521EE8BADF51 /* [CP] Embed Pods Frameworks */ = {
			isa = PBXShellScriptBuildPhase;
			buildActionMask = 2147483647;
			files = (
			);
			inputFileListPaths = (
				"${PODS_ROOT}/Target Support Files/Pods-Telnyx Meet/Pods-Telnyx Meet-frameworks-${CONFIGURATION}-input-files.xcfilelist",
			);
			name = "[CP] Embed Pods Frameworks";
			outputFileListPaths = (
				"${PODS_ROOT}/Target Support Files/Pods-Telnyx Meet/Pods-Telnyx Meet-frameworks-${CONFIGURATION}-output-files.xcfilelist",
			);
			runOnlyForDeploymentPostprocessing = 0;
			shellPath = /bin/sh;
			shellScript = "\"${PODS_ROOT}/Target Support Files/Pods-Telnyx Meet/Pods-Telnyx Meet-frameworks.sh\"\n";
			showEnvVarsInLog = 0;
		};
		8A3E26ADAD7272FE5A6BD4C3 /* [CP] Check Pods Manifest.lock */ = {
			isa = PBXShellScriptBuildPhase;
			buildActionMask = 2147483647;
			files = (
			);
			inputFileListPaths = (
			);
			inputPaths = (
				"${PODS_PODFILE_DIR_PATH}/Podfile.lock",
				"${PODS_ROOT}/Manifest.lock",
			);
			name = "[CP] Check Pods Manifest.lock";
			outputFileListPaths = (
			);
			outputPaths = (
				"$(DERIVED_FILE_DIR)/Pods-Telnyx Meet-checkManifestLockResult.txt",
			);
			runOnlyForDeploymentPostprocessing = 0;
			shellPath = /bin/sh;
			shellScript = "diff \"${PODS_PODFILE_DIR_PATH}/Podfile.lock\" \"${PODS_ROOT}/Manifest.lock\" > /dev/null\nif [ $? != 0 ] ; then\n    # print error to STDERR\n    echo \"error: The sandbox is not in sync with the Podfile.lock. Run 'pod install' or update your CocoaPods installation.\" >&2\n    exit 1\nfi\n# This output is used by Xcode 'outputs' to avoid re-running this script phase.\necho \"SUCCESS\" > \"${SCRIPT_OUTPUT_FILE_0}\"\n";
			showEnvVarsInLog = 0;
		};
		B0DD91AB1E4677A752E4A9DC /* [CP] Copy Pods Resources */ = {
			isa = PBXShellScriptBuildPhase;
			buildActionMask = 2147483647;
			files = (
			);
			inputFileListPaths = (
				"${PODS_ROOT}/Target Support Files/Pods-Telnyx Meet/Pods-Telnyx Meet-resources-${CONFIGURATION}-input-files.xcfilelist",
			);
			name = "[CP] Copy Pods Resources";
			outputFileListPaths = (
				"${PODS_ROOT}/Target Support Files/Pods-Telnyx Meet/Pods-Telnyx Meet-resources-${CONFIGURATION}-output-files.xcfilelist",
			);
			runOnlyForDeploymentPostprocessing = 0;
			shellPath = /bin/sh;
			shellScript = "\"${PODS_ROOT}/Target Support Files/Pods-Telnyx Meet/Pods-Telnyx Meet-resources.sh\"\n";
			showEnvVarsInLog = 0;
		};
/* End PBXShellScriptBuildPhase section */

/* Begin PBXSourcesBuildPhase section */
		0453E59E27E9612F00361B18 /* Sources */ = {
			isa = PBXSourcesBuildPhase;
			buildActionMask = 2147483647;
			files = (
				0453E5C827E9656700361B18 /* GetAllRoomsResponse.swift in Sources */,
				045856A32825541900CC44A5 /* MessageItem.swift in Sources */,
				0453E60627EA6E7500361B18 /* ScreenShareViewController.swift in Sources */,
				0453E5D727EA6DEB00361B18 /* RoomExtension.swift in Sources */,
				0453E60527EA6E7500361B18 /* JoinRoomViewController.swift in Sources */,
				0453E5DB27EA6DEB00361B18 /* ColorExtension.swift in Sources */,
				0453E5CA27E9656700361B18 /* UserTokens.swift in Sources */,
				0453E5C127E9651300361B18 /* APIRequest.swift in Sources */,
				0453E5BF27E9651300361B18 /* APIService.swift in Sources */,
				0453E5BE27E9651300361B18 /* APIError.swift in Sources */,
				0453E5F327EA6E6E00361B18 /* VideoMeetParticipantCell.swift in Sources */,
				0453E60227EA6E7500361B18 /* ParticipantsViewController.swift in Sources */,
				0453E5A627E9612F00361B18 /* AppDelegate.swift in Sources */,
				0453E5A827E9612F00361B18 /* SceneDelegate.swift in Sources */,
				0453E5D627EA6DEB00361B18 /* NavigationBarStyle.swift in Sources */,
				0453E5DC27EA6DEB00361B18 /* ParticipantExtension.swift in Sources */,
				04171319281ADFB4009C5B03 /* ReportIssueViewController.swift in Sources */,
				0453E60727EA6E7500361B18 /* VideoMeetRoomViewController.swift in Sources */,
				0453E5DA27EA6DEB00361B18 /* DateUtils.swift in Sources */,
				0453E5CC27E9656700361B18 /* Pagination.swift in Sources */,
				048B2F56282C0ABA00D75EDC /* UIViewControllerExtension.swift in Sources */,
				0453E5F627EA6E6E00361B18 /* VideoMeetRoomCell.swift in Sources */,
				0453E5F027EA6E6E00361B18 /* CopyableUILabel.swift in Sources */,
				045856A0282547D500CC44A5 /* ChatMessageCell.swift in Sources */,
				0453E5C927E9656700361B18 /* RoomInfo.swift in Sources */,
				0453E5DD27EA6DEB00361B18 /* StoryboardExtension.swift in Sources */,
				0453E5F227EA6E6E00361B18 /* ParticipantListCell.swift in Sources */,
				0453E60427EA6E7500361B18 /* VideoMeetRoomsListViewController.swift in Sources */,
				0453E60327EA6E7500361B18 /* StatsViewController.swift in Sources */,
				0453E5C027E9651300361B18 /* RoomsAPIService.swift in Sources */,
				0458569D2825473700CC44A5 /* ChatViewController.swift in Sources */,
				0442214127F49309001EE519 /* ErrorResponse.swift in Sources */,
			);
			runOnlyForDeploymentPostprocessing = 0;
		};
/* End PBXSourcesBuildPhase section */

/* Begin PBXVariantGroup section */
		0453E5AB27E9612F00361B18 /* Main.storyboard */ = {
			isa = PBXVariantGroup;
			children = (
				0453E5AC27E9612F00361B18 /* Base */,
			);
			name = Main.storyboard;
			sourceTree = "<group>";
		};
		0453E5B027E9613200361B18 /* LaunchScreen.storyboard */ = {
			isa = PBXVariantGroup;
			children = (
				0453E5B127E9613200361B18 /* Base */,
			);
			name = LaunchScreen.storyboard;
			sourceTree = "<group>";
		};
/* End PBXVariantGroup section */

/* Begin XCBuildConfiguration section */
		0453E5B427E9613200361B18 /* Debug */ = {
			isa = XCBuildConfiguration;
			buildSettings = {
				ALWAYS_SEARCH_USER_PATHS = NO;
				CLANG_ANALYZER_NONNULL = YES;
				CLANG_ANALYZER_NUMBER_OBJECT_CONVERSION = YES_AGGRESSIVE;
				CLANG_CXX_LANGUAGE_STANDARD = "gnu++17";
				CLANG_CXX_LIBRARY = "libc++";
				CLANG_ENABLE_MODULES = YES;
				CLANG_ENABLE_OBJC_ARC = YES;
				CLANG_ENABLE_OBJC_WEAK = YES;
				CLANG_WARN_BLOCK_CAPTURE_AUTORELEASING = YES;
				CLANG_WARN_BOOL_CONVERSION = YES;
				CLANG_WARN_COMMA = YES;
				CLANG_WARN_CONSTANT_CONVERSION = YES;
				CLANG_WARN_DEPRECATED_OBJC_IMPLEMENTATIONS = YES;
				CLANG_WARN_DIRECT_OBJC_ISA_USAGE = YES_ERROR;
				CLANG_WARN_DOCUMENTATION_COMMENTS = YES;
				CLANG_WARN_EMPTY_BODY = YES;
				CLANG_WARN_ENUM_CONVERSION = YES;
				CLANG_WARN_INFINITE_RECURSION = YES;
				CLANG_WARN_INT_CONVERSION = YES;
				CLANG_WARN_NON_LITERAL_NULL_CONVERSION = YES;
				CLANG_WARN_OBJC_IMPLICIT_RETAIN_SELF = YES;
				CLANG_WARN_OBJC_LITERAL_CONVERSION = YES;
				CLANG_WARN_OBJC_ROOT_CLASS = YES_ERROR;
				CLANG_WARN_QUOTED_INCLUDE_IN_FRAMEWORK_HEADER = YES;
				CLANG_WARN_RANGE_LOOP_ANALYSIS = YES;
				CLANG_WARN_STRICT_PROTOTYPES = YES;
				CLANG_WARN_SUSPICIOUS_MOVE = YES;
				CLANG_WARN_UNGUARDED_AVAILABILITY = YES_AGGRESSIVE;
				CLANG_WARN_UNREACHABLE_CODE = YES;
				CLANG_WARN__DUPLICATE_METHOD_MATCH = YES;
				COPY_PHASE_STRIP = NO;
				DEBUG_INFORMATION_FORMAT = dwarf;
				ENABLE_STRICT_OBJC_MSGSEND = YES;
				ENABLE_TESTABILITY = YES;
				GCC_C_LANGUAGE_STANDARD = gnu11;
				GCC_DYNAMIC_NO_PIC = NO;
				GCC_NO_COMMON_BLOCKS = YES;
				GCC_OPTIMIZATION_LEVEL = 0;
				GCC_PREPROCESSOR_DEFINITIONS = (
					"DEBUG=1",
					"$(inherited)",
				);
				GCC_WARN_64_TO_32_BIT_CONVERSION = YES;
				GCC_WARN_ABOUT_RETURN_TYPE = YES_ERROR;
				GCC_WARN_UNDECLARED_SELECTOR = YES;
				GCC_WARN_UNINITIALIZED_AUTOS = YES_AGGRESSIVE;
				GCC_WARN_UNUSED_FUNCTION = YES;
				GCC_WARN_UNUSED_VARIABLE = YES;
				IPHONEOS_DEPLOYMENT_TARGET = 15.2;
				MTL_ENABLE_DEBUG_INFO = INCLUDE_SOURCE;
				MTL_FAST_MATH = YES;
				ONLY_ACTIVE_ARCH = YES;
				SDKROOT = iphoneos;
				SWIFT_ACTIVE_COMPILATION_CONDITIONS = DEBUG;
				SWIFT_OPTIMIZATION_LEVEL = "-Onone";
			};
			name = Debug;
		};
		0453E5B527E9613200361B18 /* Release */ = {
			isa = XCBuildConfiguration;
			buildSettings = {
				ALWAYS_SEARCH_USER_PATHS = NO;
				CLANG_ANALYZER_NONNULL = YES;
				CLANG_ANALYZER_NUMBER_OBJECT_CONVERSION = YES_AGGRESSIVE;
				CLANG_CXX_LANGUAGE_STANDARD = "gnu++17";
				CLANG_CXX_LIBRARY = "libc++";
				CLANG_ENABLE_MODULES = YES;
				CLANG_ENABLE_OBJC_ARC = YES;
				CLANG_ENABLE_OBJC_WEAK = YES;
				CLANG_WARN_BLOCK_CAPTURE_AUTORELEASING = YES;
				CLANG_WARN_BOOL_CONVERSION = YES;
				CLANG_WARN_COMMA = YES;
				CLANG_WARN_CONSTANT_CONVERSION = YES;
				CLANG_WARN_DEPRECATED_OBJC_IMPLEMENTATIONS = YES;
				CLANG_WARN_DIRECT_OBJC_ISA_USAGE = YES_ERROR;
				CLANG_WARN_DOCUMENTATION_COMMENTS = YES;
				CLANG_WARN_EMPTY_BODY = YES;
				CLANG_WARN_ENUM_CONVERSION = YES;
				CLANG_WARN_INFINITE_RECURSION = YES;
				CLANG_WARN_INT_CONVERSION = YES;
				CLANG_WARN_NON_LITERAL_NULL_CONVERSION = YES;
				CLANG_WARN_OBJC_IMPLICIT_RETAIN_SELF = YES;
				CLANG_WARN_OBJC_LITERAL_CONVERSION = YES;
				CLANG_WARN_OBJC_ROOT_CLASS = YES_ERROR;
				CLANG_WARN_QUOTED_INCLUDE_IN_FRAMEWORK_HEADER = YES;
				CLANG_WARN_RANGE_LOOP_ANALYSIS = YES;
				CLANG_WARN_STRICT_PROTOTYPES = YES;
				CLANG_WARN_SUSPICIOUS_MOVE = YES;
				CLANG_WARN_UNGUARDED_AVAILABILITY = YES_AGGRESSIVE;
				CLANG_WARN_UNREACHABLE_CODE = YES;
				CLANG_WARN__DUPLICATE_METHOD_MATCH = YES;
				COPY_PHASE_STRIP = NO;
				DEBUG_INFORMATION_FORMAT = "dwarf-with-dsym";
				ENABLE_NS_ASSERTIONS = NO;
				ENABLE_STRICT_OBJC_MSGSEND = YES;
				GCC_C_LANGUAGE_STANDARD = gnu11;
				GCC_NO_COMMON_BLOCKS = YES;
				GCC_WARN_64_TO_32_BIT_CONVERSION = YES;
				GCC_WARN_ABOUT_RETURN_TYPE = YES_ERROR;
				GCC_WARN_UNDECLARED_SELECTOR = YES;
				GCC_WARN_UNINITIALIZED_AUTOS = YES_AGGRESSIVE;
				GCC_WARN_UNUSED_FUNCTION = YES;
				GCC_WARN_UNUSED_VARIABLE = YES;
				IPHONEOS_DEPLOYMENT_TARGET = 15.2;
				MTL_ENABLE_DEBUG_INFO = NO;
				MTL_FAST_MATH = YES;
				SDKROOT = iphoneos;
				SWIFT_COMPILATION_MODE = wholemodule;
				SWIFT_OPTIMIZATION_LEVEL = "-O";
				VALIDATE_PRODUCT = YES;
			};
			name = Release;
		};
		0453E5B727E9613200361B18 /* Debug */ = {
			isa = XCBuildConfiguration;
			baseConfigurationReference = 8CF24062848CF3E6056B6361 /* Pods-Telnyx Meet.debug.xcconfig */;
			buildSettings = {
				ASSETCATALOG_COMPILER_APPICON_NAME = AppIcon;
				ASSETCATALOG_COMPILER_GLOBAL_ACCENT_COLOR_NAME = AccentColor;
				CODE_SIGN_IDENTITY = "Apple Development";
				CODE_SIGN_STYLE = Automatic;
				CURRENT_PROJECT_VERSION = 1;
				DEVELOPMENT_TEAM = YKUVNPU9FS;
				ENABLE_BITCODE = NO;
				GENERATE_INFOPLIST_FILE = YES;
				INFOPLIST_FILE = "Telnyx Meet/Info.plist";
				INFOPLIST_KEY_CFBundleDisplayName = "Telnyx Meet";
				INFOPLIST_KEY_NSCameraUsageDescription = "Requires access to camera to join video meet.";
				INFOPLIST_KEY_NSMicrophoneUsageDescription = "Requires access to microphone to join video meet.";
				INFOPLIST_KEY_UIApplicationSupportsIndirectInputEvents = YES;
				INFOPLIST_KEY_UILaunchStoryboardName = LaunchScreen;
				INFOPLIST_KEY_UIMainStoryboardFile = Main;
				INFOPLIST_KEY_UISupportedInterfaceOrientations_iPad = "UIInterfaceOrientationPortrait UIInterfaceOrientationPortraitUpsideDown UIInterfaceOrientationLandscapeLeft UIInterfaceOrientationLandscapeRight";
				INFOPLIST_KEY_UISupportedInterfaceOrientations_iPhone = "UIInterfaceOrientationPortrait UIInterfaceOrientationLandscapeLeft UIInterfaceOrientationLandscapeRight";
				LD_RUNPATH_SEARCH_PATHS = (
					"$(inherited)",
					"@executable_path/Frameworks",
				);
				MARKETING_VERSION = 0.0.1;
				PRODUCT_BUNDLE_IDENTIFIER = "com.telnyx.telnyx-meet.dev";
				PRODUCT_NAME = "$(TARGET_NAME)";
				PROVISIONING_PROFILE_SPECIFIER = "";
				SWIFT_EMIT_LOC_STRINGS = YES;
				SWIFT_VERSION = 5.0;
				TARGETED_DEVICE_FAMILY = 1;
			};
			name = Debug;
		};
		0453E5B827E9613200361B18 /* Release */ = {
			isa = XCBuildConfiguration;
			baseConfigurationReference = C64FE0CE9C8AF23F15E28544 /* Pods-Telnyx Meet.release.xcconfig */;
			buildSettings = {
				ASSETCATALOG_COMPILER_APPICON_NAME = AppIcon;
				ASSETCATALOG_COMPILER_GLOBAL_ACCENT_COLOR_NAME = AccentColor;
				CODE_SIGN_IDENTITY = "Apple Development";
				CODE_SIGN_STYLE = Automatic;
				CURRENT_PROJECT_VERSION = 1;
				DEVELOPMENT_TEAM = YKUVNPU9FS;
				ENABLE_BITCODE = NO;
				GENERATE_INFOPLIST_FILE = YES;
				INFOPLIST_FILE = "Telnyx Meet/Info.plist";
				INFOPLIST_KEY_CFBundleDisplayName = "Telnyx Meet";
				INFOPLIST_KEY_NSCameraUsageDescription = "Requires access to camera to join video meet.";
				INFOPLIST_KEY_NSMicrophoneUsageDescription = "Requires access to microphone to join video meet.";
				INFOPLIST_KEY_UIApplicationSupportsIndirectInputEvents = YES;
				INFOPLIST_KEY_UILaunchStoryboardName = LaunchScreen;
				INFOPLIST_KEY_UIMainStoryboardFile = Main;
				INFOPLIST_KEY_UISupportedInterfaceOrientations_iPad = "UIInterfaceOrientationPortrait UIInterfaceOrientationPortraitUpsideDown UIInterfaceOrientationLandscapeLeft UIInterfaceOrientationLandscapeRight";
				INFOPLIST_KEY_UISupportedInterfaceOrientations_iPhone = "UIInterfaceOrientationPortrait UIInterfaceOrientationLandscapeLeft UIInterfaceOrientationLandscapeRight";
				LD_RUNPATH_SEARCH_PATHS = (
					"$(inherited)",
					"@executable_path/Frameworks",
				);
				MARKETING_VERSION = 0.0.1;
				PRODUCT_BUNDLE_IDENTIFIER = "com.telnyx.telnyx-meet.dev";
				PRODUCT_NAME = "$(TARGET_NAME)";
				PROVISIONING_PROFILE_SPECIFIER = "";
				SWIFT_EMIT_LOC_STRINGS = YES;
				SWIFT_VERSION = 5.0;
				TARGETED_DEVICE_FAMILY = 1;
			};
			name = Release;
		};
/* End XCBuildConfiguration section */

/* Begin XCConfigurationList section */
		0453E59D27E9612F00361B18 /* Build configuration list for PBXProject "Telnyx Meet" */ = {
			isa = XCConfigurationList;
			buildConfigurations = (
				0453E5B427E9613200361B18 /* Debug */,
				0453E5B527E9613200361B18 /* Release */,
			);
			defaultConfigurationIsVisible = 0;
			defaultConfigurationName = Release;
		};
		0453E5B627E9613200361B18 /* Build configuration list for PBXNativeTarget "Telnyx Meet" */ = {
			isa = XCConfigurationList;
			buildConfigurations = (
				0453E5B727E9613200361B18 /* Debug */,
				0453E5B827E9613200361B18 /* Release */,
			);
			defaultConfigurationIsVisible = 0;
			defaultConfigurationName = Release;
		};
/* End XCConfigurationList section */
	};
	rootObject = 0453E59A27E9612F00361B18 /* Project object */;
}
